
Microsoft Visual Studio Solution File, Format Version 12.00
#
Project("{FAE04EC0-301F-11D3-BF4B-00C04F79EFBC}") = "Opdex.Platform.WebApi", "src\Opdex.Platform.WebApi\Opdex.Platform.WebApi.csproj", "{ED254916-2DA9-49F4-BD8C-E2DF40709D7D}"
EndProject
Project("{FAE04EC0-301F-11D3-BF4B-00C04F79EFBC}") = "Opdex.Platform.Infrastructure", "src\Opdex.Platform.Infrastructure\Opdex.Platform.Infrastructure.csproj", "{0669C1C4-59F0-4FB5-B243-17407056050D}"
EndProject
Project("{FAE04EC0-301F-11D3-BF4B-00C04F79EFBC}") = "Opdex.Platform.Infrastructure.Abstractions", "src\Opdex.Platform.Infrastructure.Abstractions\Opdex.Platform.Infrastructure.Abstractions.csproj", "{41435CA7-998F-45CA-8E3F-52A6A5EDE6D3}"
EndProject
Project("{FAE04EC0-301F-11D3-BF4B-00C04F79EFBC}") = "Opdex.Platform.Application", "src\Opdex.Platform.Application\Opdex.Platform.Application.csproj", "{2DF1ADAA-8FDC-4F84-82F0-6D23B44E3092}"
EndProject
Project("{FAE04EC0-301F-11D3-BF4B-00C04F79EFBC}") = "Opdex.Platform.Application.Abstractions", "src\Opdex.Platform.Application.Abstractions\Opdex.Platform.Application.Abstractions.csproj", "{1C3726EC-B541-4D49-967B-B4DE701A0FD9}"
EndProject
Project("{FAE04EC0-301F-11D3-BF4B-00C04F79EFBC}") = "Opdex.Platform.Domain", "src\Opdex.Platform.Domain\Opdex.Platform.Domain.csproj", "{E27C3558-3A64-4D58-A435-0A95FD2A48EA}"
EndProject
Project("{2150E333-8FDC-42A3-9474-1A3956D46DE8}") = "Tests", "Tests", "{FCA21EEB-0830-4E5B-BB5D-1B55FA916843}"
EndProject
Project("{FAE04EC0-301F-11D3-BF4B-00C04F79EFBC}") = "Opdex.Platform.Application.Tests", "test\Opdex.Platform.Application.Tests\Opdex.Platform.Application.Tests.csproj", "{370A7456-C299-461C-8878-F271BC2C72F7}"
EndProject
Project("{FAE04EC0-301F-11D3-BF4B-00C04F79EFBC}") = "Opdex.Platform.Infrastructure.Tests", "test\Opdex.Platform.Infrastructure.Tests\Opdex.Platform.Infrastructure.Tests.csproj", "{7E58D714-309A-4CE8-9C9F-B956C56EBFE0}"
EndProject
Project("{FAE04EC0-301F-11D3-BF4B-00C04F79EFBC}") = "Opdex.Platform.WebApi.Tests", "test\Opdex.Platform.WebApi.Tests\Opdex.Platform.WebApi.Tests.csproj", "{1E4763F2-FCF5-46BC-A5C9-203CB667B43B}"
EndProject
Project("{FAE04EC0-301F-11D3-BF4B-00C04F79EFBC}") = "Opdex.Platform.Common", "src\Opdex.Platform.Common\Opdex.Platform.Common.csproj", "{AD482426-6C3A-417D-91D4-7CF28897E171}"
EndProject
Project("{FAE04EC0-301F-11D3-BF4B-00C04F79EFBC}") = "Opdex.Platform.Common.Tests", "test\Opdex.Platform.Common.Tests\Opdex.Platform.Common.Tests.csproj", "{C70C6002-62BF-4990-B96C-C4AC86B5D006}"
EndProject
Project("{FAE04EC0-301F-11D3-BF4B-00C04F79EFBC}") = "Opdex.Platform.Domain.Tests", "test\Opdex.Platform.Domain.Tests\Opdex.Platform.Domain.Tests.csproj", "{6A137EDB-2D23-47D9-8BC6-9917EBA99071}"
EndProject
Project("{FAE04EC0-301F-11D3-BF4B-00C04F79EFBC}") = "Opdex.Platform.Infrastructure.Abstractions.Tests", "test\Opdex.Platform.Infrastructure.Abstractions.Tests\Opdex.Platform.Infrastructure.Abstractions.Tests.csproj", "{C247C179-E151-4722-BEE8-4714580DEDBF}"
EndProject
Global
	GlobalSection(SolutionConfigurationPlatforms) = preSolution
		Debug|Any CPU = Debug|Any CPU
		Release|Any CPU = Release|Any CPU
	EndGlobalSection
	GlobalSection(ProjectConfigurationPlatforms) = postSolution
		{ED254916-2DA9-49F4-BD8C-E2DF40709D7D}.Debug|Any CPU.ActiveCfg = Debug|Any CPU
		{ED254916-2DA9-49F4-BD8C-E2DF40709D7D}.Debug|Any CPU.Build.0 = Debug|Any CPU
		{ED254916-2DA9-49F4-BD8C-E2DF40709D7D}.Release|Any CPU.ActiveCfg = Release|Any CPU
		{ED254916-2DA9-49F4-BD8C-E2DF40709D7D}.Release|Any CPU.Build.0 = Release|Any CPU
		{0669C1C4-59F0-4FB5-B243-17407056050D}.Debug|Any CPU.ActiveCfg = Debug|Any CPU
		{0669C1C4-59F0-4FB5-B243-17407056050D}.Debug|Any CPU.Build.0 = Debug|Any CPU
		{0669C1C4-59F0-4FB5-B243-17407056050D}.Release|Any CPU.ActiveCfg = Release|Any CPU
		{0669C1C4-59F0-4FB5-B243-17407056050D}.Release|Any CPU.Build.0 = Release|Any CPU
		{41435CA7-998F-45CA-8E3F-52A6A5EDE6D3}.Debug|Any CPU.ActiveCfg = Debug|Any CPU
		{41435CA7-998F-45CA-8E3F-52A6A5EDE6D3}.Debug|Any CPU.Build.0 = Debug|Any CPU
		{41435CA7-998F-45CA-8E3F-52A6A5EDE6D3}.Release|Any CPU.ActiveCfg = Release|Any CPU
		{41435CA7-998F-45CA-8E3F-52A6A5EDE6D3}.Release|Any CPU.Build.0 = Release|Any CPU
		{2DF1ADAA-8FDC-4F84-82F0-6D23B44E3092}.Debug|Any CPU.ActiveCfg = Debug|Any CPU
		{2DF1ADAA-8FDC-4F84-82F0-6D23B44E3092}.Debug|Any CPU.Build.0 = Debug|Any CPU
		{2DF1ADAA-8FDC-4F84-82F0-6D23B44E3092}.Release|Any CPU.ActiveCfg = Release|Any CPU
		{2DF1ADAA-8FDC-4F84-82F0-6D23B44E3092}.Release|Any CPU.Build.0 = Release|Any CPU
		{1C3726EC-B541-4D49-967B-B4DE701A0FD9}.Debug|Any CPU.ActiveCfg = Debug|Any CPU
		{1C3726EC-B541-4D49-967B-B4DE701A0FD9}.Debug|Any CPU.Build.0 = Debug|Any CPU
		{1C3726EC-B541-4D49-967B-B4DE701A0FD9}.Release|Any CPU.ActiveCfg = Release|Any CPU
		{1C3726EC-B541-4D49-967B-B4DE701A0FD9}.Release|Any CPU.Build.0 = Release|Any CPU
		{E27C3558-3A64-4D58-A435-0A95FD2A48EA}.Debug|Any CPU.ActiveCfg = Debug|Any CPU
		{E27C3558-3A64-4D58-A435-0A95FD2A48EA}.Debug|Any CPU.Build.0 = Debug|Any CPU
		{E27C3558-3A64-4D58-A435-0A95FD2A48EA}.Release|Any CPU.ActiveCfg = Release|Any CPU
		{E27C3558-3A64-4D58-A435-0A95FD2A48EA}.Release|Any CPU.Build.0 = Release|Any CPU
		{370A7456-C299-461C-8878-F271BC2C72F7}.Debug|Any CPU.ActiveCfg = Debug|Any CPU
		{370A7456-C299-461C-8878-F271BC2C72F7}.Debug|Any CPU.Build.0 = Debug|Any CPU
		{370A7456-C299-461C-8878-F271BC2C72F7}.Release|Any CPU.ActiveCfg = Release|Any CPU
		{370A7456-C299-461C-8878-F271BC2C72F7}.Release|Any CPU.Build.0 = Release|Any CPU
		{7E58D714-309A-4CE8-9C9F-B956C56EBFE0}.Debug|Any CPU.ActiveCfg = Debug|Any CPU
		{7E58D714-309A-4CE8-9C9F-B956C56EBFE0}.Debug|Any CPU.Build.0 = Debug|Any CPU
		{7E58D714-309A-4CE8-9C9F-B956C56EBFE0}.Release|Any CPU.ActiveCfg = Release|Any CPU
		{7E58D714-309A-4CE8-9C9F-B956C56EBFE0}.Release|Any CPU.Build.0 = Release|Any CPU
		{1E4763F2-FCF5-46BC-A5C9-203CB667B43B}.Debug|Any CPU.ActiveCfg = Debug|Any CPU
		{1E4763F2-FCF5-46BC-A5C9-203CB667B43B}.Debug|Any CPU.Build.0 = Debug|Any CPU
		{1E4763F2-FCF5-46BC-A5C9-203CB667B43B}.Release|Any CPU.ActiveCfg = Release|Any CPU
		{1E4763F2-FCF5-46BC-A5C9-203CB667B43B}.Release|Any CPU.Build.0 = Release|Any CPU
		{AD482426-6C3A-417D-91D4-7CF28897E171}.Debug|Any CPU.ActiveCfg = Debug|Any CPU
		{AD482426-6C3A-417D-91D4-7CF28897E171}.Debug|Any CPU.Build.0 = Debug|Any CPU
		{AD482426-6C3A-417D-91D4-7CF28897E171}.Release|Any CPU.ActiveCfg = Release|Any CPU
		{AD482426-6C3A-417D-91D4-7CF28897E171}.Release|Any CPU.Build.0 = Release|Any CPU
		{C70C6002-62BF-4990-B96C-C4AC86B5D006}.Debug|Any CPU.ActiveCfg = Debug|Any CPU
		{C70C6002-62BF-4990-B96C-C4AC86B5D006}.Debug|Any CPU.Build.0 = Debug|Any CPU
		{C70C6002-62BF-4990-B96C-C4AC86B5D006}.Release|Any CPU.ActiveCfg = Release|Any CPU
		{C70C6002-62BF-4990-B96C-C4AC86B5D006}.Release|Any CPU.Build.0 = Release|Any CPU
		{6A137EDB-2D23-47D9-8BC6-9917EBA99071}.Debug|Any CPU.ActiveCfg = Debug|Any CPU
		{6A137EDB-2D23-47D9-8BC6-9917EBA99071}.Debug|Any CPU.Build.0 = Debug|Any CPU
		{6A137EDB-2D23-47D9-8BC6-9917EBA99071}.Release|Any CPU.ActiveCfg = Release|Any CPU
		{6A137EDB-2D23-47D9-8BC6-9917EBA99071}.Release|Any CPU.Build.0 = Release|Any CPU
		{C247C179-E151-4722-BEE8-4714580DEDBF}.Debug|Any CPU.ActiveCfg = Debug|Any CPU
		{C247C179-E151-4722-BEE8-4714580DEDBF}.Debug|Any CPU.Build.0 = Debug|Any CPU
		{C247C179-E151-4722-BEE8-4714580DEDBF}.Release|Any CPU.ActiveCfg = Release|Any CPU
		{C247C179-E151-4722-BEE8-4714580DEDBF}.Release|Any CPU.Build.0 = Release|Any CPU
	EndGlobalSection
	GlobalSection(NestedProjects) = preSolution
		{370A7456-C299-461C-8878-F271BC2C72F7} = {FCA21EEB-0830-4E5B-BB5D-1B55FA916843}
		{7E58D714-309A-4CE8-9C9F-B956C56EBFE0} = {FCA21EEB-0830-4E5B-BB5D-1B55FA916843}
		{1E4763F2-FCF5-46BC-A5C9-203CB667B43B} = {FCA21EEB-0830-4E5B-BB5D-1B55FA916843}
		{C70C6002-62BF-4990-B96C-C4AC86B5D006} = {FCA21EEB-0830-4E5B-BB5D-1B55FA916843}
		{6A137EDB-2D23-47D9-8BC6-9917EBA99071} = {FCA21EEB-0830-4E5B-BB5D-1B55FA916843}
		{C247C179-E151-4722-BEE8-4714580DEDBF} = {FCA21EEB-0830-4E5B-BB5D-1B55FA916843}
	EndGlobalSection
EndGlobal
