
Microsoft Visual Studio Solution File, Format Version 12.00
Project("{FAE04EC0-301F-11D3-BF4B-00C04F79EFBC}") = "Opdex.Platform.WebApi", "src\Opdex.Platform.WebApi\Opdex.Platform.WebApi.csproj", "{ED254916-2DA9-49F4-BD8C-E2DF40709D7D}"
EndProject
Project("{FAE04EC0-301F-11D3-BF4B-00C04F79EFBC}") = "Opdex.Indexer.WebApi", "src\Opdex.Indexer.WebApi\Opdex.Indexer.WebApi.csproj", "{483E150F-A27F-4AED-8579-59D8067A49E1}"
EndProject
Project("{FAE04EC0-301F-11D3-BF4B-00C04F79EFBC}") = "Opdex.Indexer.Infrastructure", "src\Opdex.Indexer.Infrastructure\Opdex.Indexer.Infrastructure.csproj", "{8D7B14CC-2B9E-4A98-BD8D-2CC1443C1044}"
EndProject
Project("{FAE04EC0-301F-11D3-BF4B-00C04F79EFBC}") = "Opdex.Indexer.Infrastructure.Abstractions", "src\Opdex.Indexer.Infrastructure.Abstractions\Opdex.Indexer.Infrastructure.Abstractions.csproj", "{93DD268F-B775-4D87-9375-91F6A9961DB3}"
EndProject
Project("{FAE04EC0-301F-11D3-BF4B-00C04F79EFBC}") = "Opdex.Platform.Infrastructure", "src\Opdex.Platform.Infrastructure\Opdex.Platform.Infrastructure.csproj", "{0669C1C4-59F0-4FB5-B243-17407056050D}"
EndProject
Project("{FAE04EC0-301F-11D3-BF4B-00C04F79EFBC}") = "Opdex.Platform.Infrastructure.Abstractions", "src\Opdex.Platform.Infrastructure.Abstractions\Opdex.Platform.Infrastructure.Abstractions.csproj", "{41435CA7-998F-45CA-8E3F-52A6A5EDE6D3}"
EndProject
Project("{FAE04EC0-301F-11D3-BF4B-00C04F79EFBC}") = "Opdex.Platform.Application", "src\Opdex.Platform.Application\Opdex.Platform.Application.csproj", "{2DF1ADAA-8FDC-4F84-82F0-6D23B44E3092}"
EndProject
Project("{FAE04EC0-301F-11D3-BF4B-00C04F79EFBC}") = "Opdex.Platform.Application.Abstractions", "src\Opdex.Platform.Application.Abstractions\Opdex.Platform.Application.Abstractions.csproj", "{1C3726EC-B541-4D49-967B-B4DE701A0FD9}"
EndProject
Project("{FAE04EC0-301F-11D3-BF4B-00C04F79EFBC}") = "Opdex.Indexer.Application", "src\Opdex.Indexer.Application\Opdex.Indexer.Application.csproj", "{D1B3511B-D31F-459D-B2F0-D95790A7D25C}"
EndProject
Project("{FAE04EC0-301F-11D3-BF4B-00C04F79EFBC}") = "Opdex.Indexer.Application.Abstractions", "src\Opdex.Indexer.Application.Abstractions\Opdex.Indexer.Application.Abstractions.csproj", "{8B41FC73-E260-4FAE-A49F-35CE684A22B1}"
EndProject
Project("{FAE04EC0-301F-11D3-BF4B-00C04F79EFBC}") = "Opdex.Core.Common", "src\Opdex.Core.Common\Opdex.Core.Common.csproj", "{01CEF5FB-AA64-4B9B-9461-C8425F951C13}"
EndProject
Project("{FAE04EC0-301F-11D3-BF4B-00C04F79EFBC}") = "Opdex.Core.Infrastructure", "src\Opdex.Core.Infrastructure\Opdex.Core.Infrastructure.csproj", "{57DAC247-4066-48A0-B828-ADD5C2F07076}"
EndProject
Project("{FAE04EC0-301F-11D3-BF4B-00C04F79EFBC}") = "Opdex.Core.Infrastructure.Abstractions", "src\Opdex.Core.Infrastructure.Abstractions\Opdex.Core.Infrastructure.Abstractions.csproj", "{2EE1C563-09F9-4F49-BBDE-5AABFCD3B6BC}"
EndProject
Project("{FAE04EC0-301F-11D3-BF4B-00C04F79EFBC}") = "Opdex.Core.Application", "src\Opdex.Core.Application\Opdex.Core.Application.csproj", "{BBE80C05-7167-452E-ADCD-EC94A3552C8E}"
EndProject
Global
	GlobalSection(SolutionConfigurationPlatforms) = preSolution
		Debug|Any CPU = Debug|Any CPU
		Release|Any CPU = Release|Any CPU
	EndGlobalSection
	GlobalSection(ProjectConfigurationPlatforms) = postSolution
		{ED254916-2DA9-49F4-BD8C-E2DF40709D7D}.Debug|Any CPU.ActiveCfg = Debug|Any CPU
		{ED254916-2DA9-49F4-BD8C-E2DF40709D7D}.Debug|Any CPU.Build.0 = Debug|Any CPU
		{ED254916-2DA9-49F4-BD8C-E2DF40709D7D}.Release|Any CPU.ActiveCfg = Release|Any CPU
		{ED254916-2DA9-49F4-BD8C-E2DF40709D7D}.Release|Any CPU.Build.0 = Release|Any CPU
		{483E150F-A27F-4AED-8579-59D8067A49E1}.Debug|Any CPU.ActiveCfg = Debug|Any CPU
		{483E150F-A27F-4AED-8579-59D8067A49E1}.Debug|Any CPU.Build.0 = Debug|Any CPU
		{483E150F-A27F-4AED-8579-59D8067A49E1}.Release|Any CPU.ActiveCfg = Release|Any CPU
		{483E150F-A27F-4AED-8579-59D8067A49E1}.Release|Any CPU.Build.0 = Release|Any CPU
		{8D7B14CC-2B9E-4A98-BD8D-2CC1443C1044}.Debug|Any CPU.ActiveCfg = Debug|Any CPU
		{8D7B14CC-2B9E-4A98-BD8D-2CC1443C1044}.Debug|Any CPU.Build.0 = Debug|Any CPU
		{8D7B14CC-2B9E-4A98-BD8D-2CC1443C1044}.Release|Any CPU.ActiveCfg = Release|Any CPU
		{8D7B14CC-2B9E-4A98-BD8D-2CC1443C1044}.Release|Any CPU.Build.0 = Release|Any CPU
		{93DD268F-B775-4D87-9375-91F6A9961DB3}.Debug|Any CPU.ActiveCfg = Debug|Any CPU
		{93DD268F-B775-4D87-9375-91F6A9961DB3}.Debug|Any CPU.Build.0 = Debug|Any CPU
		{93DD268F-B775-4D87-9375-91F6A9961DB3}.Release|Any CPU.ActiveCfg = Release|Any CPU
		{93DD268F-B775-4D87-9375-91F6A9961DB3}.Release|Any CPU.Build.0 = Release|Any CPU
		{0669C1C4-59F0-4FB5-B243-17407056050D}.Debug|Any CPU.ActiveCfg = Debug|Any CPU
		{0669C1C4-59F0-4FB5-B243-17407056050D}.Debug|Any CPU.Build.0 = Debug|Any CPU
		{0669C1C4-59F0-4FB5-B243-17407056050D}.Release|Any CPU.ActiveCfg = Release|Any CPU
		{0669C1C4-59F0-4FB5-B243-17407056050D}.Release|Any CPU.Build.0 = Release|Any CPU
		{41435CA7-998F-45CA-8E3F-52A6A5EDE6D3}.Debug|Any CPU.ActiveCfg = Debug|Any CPU
		{41435CA7-998F-45CA-8E3F-52A6A5EDE6D3}.Debug|Any CPU.Build.0 = Debug|Any CPU
		{41435CA7-998F-45CA-8E3F-52A6A5EDE6D3}.Release|Any CPU.ActiveCfg = Release|Any CPU
		{41435CA7-998F-45CA-8E3F-52A6A5EDE6D3}.Release|Any CPU.Build.0 = Release|Any CPU
		{2DF1ADAA-8FDC-4F84-82F0-6D23B44E3092}.Debug|Any CPU.ActiveCfg = Debug|Any CPU
		{2DF1ADAA-8FDC-4F84-82F0-6D23B44E3092}.Debug|Any CPU.Build.0 = Debug|Any CPU
		{2DF1ADAA-8FDC-4F84-82F0-6D23B44E3092}.Release|Any CPU.ActiveCfg = Release|Any CPU
		{2DF1ADAA-8FDC-4F84-82F0-6D23B44E3092}.Release|Any CPU.Build.0 = Release|Any CPU
		{1C3726EC-B541-4D49-967B-B4DE701A0FD9}.Debug|Any CPU.ActiveCfg = Debug|Any CPU
		{1C3726EC-B541-4D49-967B-B4DE701A0FD9}.Debug|Any CPU.Build.0 = Debug|Any CPU
		{1C3726EC-B541-4D49-967B-B4DE701A0FD9}.Release|Any CPU.ActiveCfg = Release|Any CPU
		{1C3726EC-B541-4D49-967B-B4DE701A0FD9}.Release|Any CPU.Build.0 = Release|Any CPU
		{D1B3511B-D31F-459D-B2F0-D95790A7D25C}.Debug|Any CPU.ActiveCfg = Debug|Any CPU
		{D1B3511B-D31F-459D-B2F0-D95790A7D25C}.Debug|Any CPU.Build.0 = Debug|Any CPU
		{D1B3511B-D31F-459D-B2F0-D95790A7D25C}.Release|Any CPU.ActiveCfg = Release|Any CPU
		{D1B3511B-D31F-459D-B2F0-D95790A7D25C}.Release|Any CPU.Build.0 = Release|Any CPU
		{8B41FC73-E260-4FAE-A49F-35CE684A22B1}.Debug|Any CPU.ActiveCfg = Debug|Any CPU
		{8B41FC73-E260-4FAE-A49F-35CE684A22B1}.Debug|Any CPU.Build.0 = Debug|Any CPU
		{8B41FC73-E260-4FAE-A49F-35CE684A22B1}.Release|Any CPU.ActiveCfg = Release|Any CPU
		{8B41FC73-E260-4FAE-A49F-35CE684A22B1}.Release|Any CPU.Build.0 = Release|Any CPU
		{01CEF5FB-AA64-4B9B-9461-C8425F951C13}.Debug|Any CPU.ActiveCfg = Debug|Any CPU
		{01CEF5FB-AA64-4B9B-9461-C8425F951C13}.Debug|Any CPU.Build.0 = Debug|Any CPU
		{01CEF5FB-AA64-4B9B-9461-C8425F951C13}.Release|Any CPU.ActiveCfg = Release|Any CPU
		{01CEF5FB-AA64-4B9B-9461-C8425F951C13}.Release|Any CPU.Build.0 = Release|Any CPU
		{57DAC247-4066-48A0-B828-ADD5C2F07076}.Debug|Any CPU.ActiveCfg = Debug|Any CPU
		{57DAC247-4066-48A0-B828-ADD5C2F07076}.Debug|Any CPU.Build.0 = Debug|Any CPU
		{57DAC247-4066-48A0-B828-ADD5C2F07076}.Release|Any CPU.ActiveCfg = Release|Any CPU
		{57DAC247-4066-48A0-B828-ADD5C2F07076}.Release|Any CPU.Build.0 = Release|Any CPU
		{2EE1C563-09F9-4F49-BBDE-5AABFCD3B6BC}.Debug|Any CPU.ActiveCfg = Debug|Any CPU
		{2EE1C563-09F9-4F49-BBDE-5AABFCD3B6BC}.Debug|Any CPU.Build.0 = Debug|Any CPU
		{2EE1C563-09F9-4F49-BBDE-5AABFCD3B6BC}.Release|Any CPU.ActiveCfg = Release|Any CPU
		{2EE1C563-09F9-4F49-BBDE-5AABFCD3B6BC}.Release|Any CPU.Build.0 = Release|Any CPU
		{BBE80C05-7167-452E-ADCD-EC94A3552C8E}.Debug|Any CPU.ActiveCfg = Debug|Any CPU
		{BBE80C05-7167-452E-ADCD-EC94A3552C8E}.Debug|Any CPU.Build.0 = Debug|Any CPU
		{BBE80C05-7167-452E-ADCD-EC94A3552C8E}.Release|Any CPU.ActiveCfg = Release|Any CPU
		{BBE80C05-7167-452E-ADCD-EC94A3552C8E}.Release|Any CPU.Build.0 = Release|Any CPU
	EndGlobalSection
EndGlobal
