
Microsoft Visual Studio Solution File, Format Version 12.00
Project("{FAE04EC0-301F-11D3-BF4B-00C04F79EFBC}") = "Opdex.Platform.WebApi", "src\Opdex.Platform.WebApi\Opdex.Platform.WebApi.csproj", "{ED254916-2DA9-49F4-BD8C-E2DF40709D7D}"
EndProject
Project("{FAE04EC0-301F-11D3-BF4B-00C04F79EFBC}") = "Opdex.Indexer.WebApi", "src\Opdex.Indexer.WebApi\Opdex.Indexer.WebApi.csproj", "{483E150F-A27F-4AED-8579-59D8067A49E1}"
EndProject
Project("{FAE04EC0-301F-11D3-BF4B-00C04F79EFBC}") = "Opdex.Indexer.Infrastructure", "src\Opdex.Indexer.Infrastructure\Opdex.Indexer.Infrastructure.csproj", "{8D7B14CC-2B9E-4A98-BD8D-2CC1443C1044}"
EndProject
Project("{FAE04EC0-301F-11D3-BF4B-00C04F79EFBC}") = "Opdex.Indexer.Infrastructure.Abstractions", "src\Opdex.Indexer.Infrastructure.Abstractions\Opdex.Indexer.Infrastructure.Abstractions.csproj", "{93DD268F-B775-4D87-9375-91F6A9961DB3}"
EndProject
Project("{FAE04EC0-301F-11D3-BF4B-00C04F79EFBC}") = "Opdex.Platform.Infrastructure", "src\Opdex.Platform.Infrastructure\Opdex.Platform.Infrastructure.csproj", "{0669C1C4-59F0-4FB5-B243-17407056050D}"
EndProject
Project("{FAE04EC0-301F-11D3-BF4B-00C04F79EFBC}") = "Opdex.Platform.Infrastructure.Abstractions", "src\Opdex.Platform.Infrastructure.Abstractions\Opdex.Platform.Infrastructure.Abstractions.csproj", "{41435CA7-998F-45CA-8E3F-52A6A5EDE6D3}"
EndProject
Project("{FAE04EC0-301F-11D3-BF4B-00C04F79EFBC}") = "Opdex.Platform.Application", "src\Opdex.Platform.Application\Opdex.Platform.Application.csproj", "{2DF1ADAA-8FDC-4F84-82F0-6D23B44E3092}"
EndProject
Project("{FAE04EC0-301F-11D3-BF4B-00C04F79EFBC}") = "Opdex.Platform.Application.Abstractions", "src\Opdex.Platform.Application.Abstractions\Opdex.Platform.Application.Abstractions.csproj", "{1C3726EC-B541-4D49-967B-B4DE701A0FD9}"
EndProject
Project("{FAE04EC0-301F-11D3-BF4B-00C04F79EFBC}") = "Opdex.Indexer.Application", "src\Opdex.Indexer.Application\Opdex.Indexer.Application.csproj", "{D1B3511B-D31F-459D-B2F0-D95790A7D25C}"
EndProject
Project("{FAE04EC0-301F-11D3-BF4B-00C04F79EFBC}") = "Opdex.Indexer.Application.Abstractions", "src\Opdex.Indexer.Application.Abstractions\Opdex.Indexer.Application.Abstractions.csproj", "{8B41FC73-E260-4FAE-A49F-35CE684A22B1}"
EndProject
Project("{FAE04EC0-301F-11D3-BF4B-00C04F79EFBC}") = "Opdex.Core.Common", "src\Opdex.Core.Common\Opdex.Core.Common.csproj", "{01CEF5FB-AA64-4B9B-9461-C8425F951C13}"
EndProject
Project("{FAE04EC0-301F-11D3-BF4B-00C04F79EFBC}") = "Opdex.Core.Infrastructure", "src\Opdex.Core.Infrastructure\Opdex.Core.Infrastructure.csproj", "{57DAC247-4066-48A0-B828-ADD5C2F07076}"
EndProject
Project("{FAE04EC0-301F-11D3-BF4B-00C04F79EFBC}") = "Opdex.Core.Infrastructure.Abstractions", "src\Opdex.Core.Infrastructure.Abstractions\Opdex.Core.Infrastructure.Abstractions.csproj", "{2EE1C563-09F9-4F49-BBDE-5AABFCD3B6BC}"
EndProject
Project("{FAE04EC0-301F-11D3-BF4B-00C04F79EFBC}") = "Opdex.Core.Application", "src\Opdex.Core.Application\Opdex.Core.Application.csproj", "{BBE80C05-7167-452E-ADCD-EC94A3552C8E}"
EndProject
Project("{FAE04EC0-301F-11D3-BF4B-00C04F79EFBC}") = "Opdex.Indexer.Domain", "src\Opdex.Indexer.Domain\Opdex.Indexer.Domain.csproj", "{64E30477-5A28-4624-B32D-065309953054}"
EndProject
Project("{FAE04EC0-301F-11D3-BF4B-00C04F79EFBC}") = "Opdex.Platform.Domain", "src\Opdex.Platform.Domain\Opdex.Platform.Domain.csproj", "{E27C3558-3A64-4D58-A435-0A95FD2A48EA}"
EndProject
Project("{FAE04EC0-301F-11D3-BF4B-00C04F79EFBC}") = "Opdex.Core.Application.Abstractions", "src\Opdex.Core.Application.Abstractions\Opdex.Core.Application.Abstractions.csproj", "{8A124EAC-7845-41DD-97FF-53E8E750CEC7}"
EndProject
Project("{2150E333-8FDC-42A3-9474-1A3956D46DE8}") = "Core", "Core", "{07049626-1260-4F4F-B20C-C4D0037E6429}"
EndProject
Project("{2150E333-8FDC-42A3-9474-1A3956D46DE8}") = "Indexer", "Indexer", "{CACA8C2F-5792-4DF7-B04C-0F3C9780F2D6}"
EndProject
Project("{2150E333-8FDC-42A3-9474-1A3956D46DE8}") = "Platform", "Platform", "{AA57E05D-5EF5-4637-8F47-98B7A544A19C}"
EndProject
Project("{FAE04EC0-301F-11D3-BF4B-00C04F79EFBC}") = "Opdex.Core.Domain", "src\Opdex.Core.Domain\Opdex.Core.Domain.csproj", "{934C7CDA-7EC1-49F7-8F52-DB1AB3B0BEC8}"
EndProject
Project("{FAE04EC0-301F-11D3-BF4B-00C04F79EFBC}") = "Opdex.Core.Domain.Tests", "test\Opdex.Core.Domain.Tests\Opdex.Core.Domain.Tests.csproj", "{B4EAB827-43F9-422E-B64E-5D31D984C5F3}"
EndProject
Project("{2150E333-8FDC-42A3-9474-1A3956D46DE8}") = "Tests", "Tests", "{FCA21EEB-0830-4E5B-BB5D-1B55FA916843}"
EndProject
Project("{FAE04EC0-301F-11D3-BF4B-00C04F79EFBC}") = "Opdex.Core.Application.Tests", "test\Opdex.Core.Application.Tests\Opdex.Core.Application.Tests.csproj", "{FE40EAEA-BE24-4142-943F-C05E9B90BC27}"
EndProject
Project("{FAE04EC0-301F-11D3-BF4B-00C04F79EFBC}") = "Opdex.Core.Infrastructure.Tests", "test\Opdex.Core.Infrastructure.Tests\Opdex.Core.Infrastructure.Tests.csproj", "{68137D1D-0516-4CF8-84E3-A226765ED991}"
EndProject
Project("{FAE04EC0-301F-11D3-BF4B-00C04F79EFBC}") = "Opdex.Indexer.Application.Tests", "test\Opdex.Indexer.Application.Tests\Opdex.Indexer.Application.Tests.csproj", "{9238993F-E8C6-4DC3-A06E-02CB9FDE8FCA}"
EndProject
Project("{FAE04EC0-301F-11D3-BF4B-00C04F79EFBC}") = "Opdex.Indexer.Infrastructure.Tests", "test\Opdex.Indexer.Infrastructure.Tests\Opdex.Indexer.Infrastructure.Tests.csproj", "{21770936-2A60-4D51-9143-710AA68E8316}"
EndProject
Project("{FAE04EC0-301F-11D3-BF4B-00C04F79EFBC}") = "Opdex.Indexer.WebApi.IntegrationTests", "test\Opdex.Indexer.WebApi.IntegrationTests\Opdex.Indexer.WebApi.IntegrationTests.csproj", "{91651D35-9CB1-4A3C-93C5-E37ABA724599}"
EndProject
Project("{FAE04EC0-301F-11D3-BF4B-00C04F79EFBC}") = "Opdex.Platform.Application.Tests", "test\Opdex.Platform.Application.Tests\Opdex.Platform.Application.Tests.csproj", "{370A7456-C299-461C-8878-F271BC2C72F7}"
EndProject
Project("{FAE04EC0-301F-11D3-BF4B-00C04F79EFBC}") = "Opdex.Platform.Infrastructure.Tests", "test\Opdex.Platform.Infrastructure.Tests\Opdex.Platform.Infrastructure.Tests.csproj", "{7E58D714-309A-4CE8-9C9F-B956C56EBFE0}"
EndProject
Project("{FAE04EC0-301F-11D3-BF4B-00C04F79EFBC}") = "Opdex.Platform.WebApi.IntegrationTests", "test\Opdex.Platform.WebApi.IntegrationTests\Opdex.Platform.WebApi.IntegrationTests.csproj", "{1E4763F2-FCF5-46BC-A5C9-203CB667B43B}"
EndProject
Project("{FAE04EC0-301F-11D3-BF4B-00C04F79EFBC}") = "Opdex.Core.Common.Tests", "test\Opdex.Core.Common.Tests\Opdex.Core.Common.Tests.csproj", "{D1C71378-AAB5-4447-B742-DBD1346F01D3}"
EndProject
Global
	GlobalSection(SolutionConfigurationPlatforms) = preSolution
		Debug|Any CPU = Debug|Any CPU
		Release|Any CPU = Release|Any CPU
	EndGlobalSection
	GlobalSection(ProjectConfigurationPlatforms) = postSolution
		{ED254916-2DA9-49F4-BD8C-E2DF40709D7D}.Debug|Any CPU.ActiveCfg = Debug|Any CPU
		{ED254916-2DA9-49F4-BD8C-E2DF40709D7D}.Debug|Any CPU.Build.0 = Debug|Any CPU
		{ED254916-2DA9-49F4-BD8C-E2DF40709D7D}.Release|Any CPU.ActiveCfg = Release|Any CPU
		{ED254916-2DA9-49F4-BD8C-E2DF40709D7D}.Release|Any CPU.Build.0 = Release|Any CPU
		{483E150F-A27F-4AED-8579-59D8067A49E1}.Debug|Any CPU.ActiveCfg = Debug|Any CPU
		{483E150F-A27F-4AED-8579-59D8067A49E1}.Debug|Any CPU.Build.0 = Debug|Any CPU
		{483E150F-A27F-4AED-8579-59D8067A49E1}.Release|Any CPU.ActiveCfg = Release|Any CPU
		{483E150F-A27F-4AED-8579-59D8067A49E1}.Release|Any CPU.Build.0 = Release|Any CPU
		{8D7B14CC-2B9E-4A98-BD8D-2CC1443C1044}.Debug|Any CPU.ActiveCfg = Debug|Any CPU
		{8D7B14CC-2B9E-4A98-BD8D-2CC1443C1044}.Debug|Any CPU.Build.0 = Debug|Any CPU
		{8D7B14CC-2B9E-4A98-BD8D-2CC1443C1044}.Release|Any CPU.ActiveCfg = Release|Any CPU
		{8D7B14CC-2B9E-4A98-BD8D-2CC1443C1044}.Release|Any CPU.Build.0 = Release|Any CPU
		{93DD268F-B775-4D87-9375-91F6A9961DB3}.Debug|Any CPU.ActiveCfg = Debug|Any CPU
		{93DD268F-B775-4D87-9375-91F6A9961DB3}.Debug|Any CPU.Build.0 = Debug|Any CPU
		{93DD268F-B775-4D87-9375-91F6A9961DB3}.Release|Any CPU.ActiveCfg = Release|Any CPU
		{93DD268F-B775-4D87-9375-91F6A9961DB3}.Release|Any CPU.Build.0 = Release|Any CPU
		{0669C1C4-59F0-4FB5-B243-17407056050D}.Debug|Any CPU.ActiveCfg = Debug|Any CPU
		{0669C1C4-59F0-4FB5-B243-17407056050D}.Debug|Any CPU.Build.0 = Debug|Any CPU
		{0669C1C4-59F0-4FB5-B243-17407056050D}.Release|Any CPU.ActiveCfg = Release|Any CPU
		{0669C1C4-59F0-4FB5-B243-17407056050D}.Release|Any CPU.Build.0 = Release|Any CPU
		{41435CA7-998F-45CA-8E3F-52A6A5EDE6D3}.Debug|Any CPU.ActiveCfg = Debug|Any CPU
		{41435CA7-998F-45CA-8E3F-52A6A5EDE6D3}.Debug|Any CPU.Build.0 = Debug|Any CPU
		{41435CA7-998F-45CA-8E3F-52A6A5EDE6D3}.Release|Any CPU.ActiveCfg = Release|Any CPU
		{41435CA7-998F-45CA-8E3F-52A6A5EDE6D3}.Release|Any CPU.Build.0 = Release|Any CPU
		{2DF1ADAA-8FDC-4F84-82F0-6D23B44E3092}.Debug|Any CPU.ActiveCfg = Debug|Any CPU
		{2DF1ADAA-8FDC-4F84-82F0-6D23B44E3092}.Debug|Any CPU.Build.0 = Debug|Any CPU
		{2DF1ADAA-8FDC-4F84-82F0-6D23B44E3092}.Release|Any CPU.ActiveCfg = Release|Any CPU
		{2DF1ADAA-8FDC-4F84-82F0-6D23B44E3092}.Release|Any CPU.Build.0 = Release|Any CPU
		{1C3726EC-B541-4D49-967B-B4DE701A0FD9}.Debug|Any CPU.ActiveCfg = Debug|Any CPU
		{1C3726EC-B541-4D49-967B-B4DE701A0FD9}.Debug|Any CPU.Build.0 = Debug|Any CPU
		{1C3726EC-B541-4D49-967B-B4DE701A0FD9}.Release|Any CPU.ActiveCfg = Release|Any CPU
		{1C3726EC-B541-4D49-967B-B4DE701A0FD9}.Release|Any CPU.Build.0 = Release|Any CPU
		{D1B3511B-D31F-459D-B2F0-D95790A7D25C}.Debug|Any CPU.ActiveCfg = Debug|Any CPU
		{D1B3511B-D31F-459D-B2F0-D95790A7D25C}.Debug|Any CPU.Build.0 = Debug|Any CPU
		{D1B3511B-D31F-459D-B2F0-D95790A7D25C}.Release|Any CPU.ActiveCfg = Release|Any CPU
		{D1B3511B-D31F-459D-B2F0-D95790A7D25C}.Release|Any CPU.Build.0 = Release|Any CPU
		{8B41FC73-E260-4FAE-A49F-35CE684A22B1}.Debug|Any CPU.ActiveCfg = Debug|Any CPU
		{8B41FC73-E260-4FAE-A49F-35CE684A22B1}.Debug|Any CPU.Build.0 = Debug|Any CPU
		{8B41FC73-E260-4FAE-A49F-35CE684A22B1}.Release|Any CPU.ActiveCfg = Release|Any CPU
		{8B41FC73-E260-4FAE-A49F-35CE684A22B1}.Release|Any CPU.Build.0 = Release|Any CPU
		{01CEF5FB-AA64-4B9B-9461-C8425F951C13}.Debug|Any CPU.ActiveCfg = Debug|Any CPU
		{01CEF5FB-AA64-4B9B-9461-C8425F951C13}.Debug|Any CPU.Build.0 = Debug|Any CPU
		{01CEF5FB-AA64-4B9B-9461-C8425F951C13}.Release|Any CPU.ActiveCfg = Release|Any CPU
		{01CEF5FB-AA64-4B9B-9461-C8425F951C13}.Release|Any CPU.Build.0 = Release|Any CPU
		{57DAC247-4066-48A0-B828-ADD5C2F07076}.Debug|Any CPU.ActiveCfg = Debug|Any CPU
		{57DAC247-4066-48A0-B828-ADD5C2F07076}.Debug|Any CPU.Build.0 = Debug|Any CPU
		{57DAC247-4066-48A0-B828-ADD5C2F07076}.Release|Any CPU.ActiveCfg = Release|Any CPU
		{57DAC247-4066-48A0-B828-ADD5C2F07076}.Release|Any CPU.Build.0 = Release|Any CPU
		{2EE1C563-09F9-4F49-BBDE-5AABFCD3B6BC}.Debug|Any CPU.ActiveCfg = Debug|Any CPU
		{2EE1C563-09F9-4F49-BBDE-5AABFCD3B6BC}.Debug|Any CPU.Build.0 = Debug|Any CPU
		{2EE1C563-09F9-4F49-BBDE-5AABFCD3B6BC}.Release|Any CPU.ActiveCfg = Release|Any CPU
		{2EE1C563-09F9-4F49-BBDE-5AABFCD3B6BC}.Release|Any CPU.Build.0 = Release|Any CPU
		{BBE80C05-7167-452E-ADCD-EC94A3552C8E}.Debug|Any CPU.ActiveCfg = Debug|Any CPU
		{BBE80C05-7167-452E-ADCD-EC94A3552C8E}.Debug|Any CPU.Build.0 = Debug|Any CPU
		{BBE80C05-7167-452E-ADCD-EC94A3552C8E}.Release|Any CPU.ActiveCfg = Release|Any CPU
		{BBE80C05-7167-452E-ADCD-EC94A3552C8E}.Release|Any CPU.Build.0 = Release|Any CPU
		{64E30477-5A28-4624-B32D-065309953054}.Debug|Any CPU.ActiveCfg = Debug|Any CPU
		{64E30477-5A28-4624-B32D-065309953054}.Debug|Any CPU.Build.0 = Debug|Any CPU
		{64E30477-5A28-4624-B32D-065309953054}.Release|Any CPU.ActiveCfg = Release|Any CPU
		{64E30477-5A28-4624-B32D-065309953054}.Release|Any CPU.Build.0 = Release|Any CPU
		{E27C3558-3A64-4D58-A435-0A95FD2A48EA}.Debug|Any CPU.ActiveCfg = Debug|Any CPU
		{E27C3558-3A64-4D58-A435-0A95FD2A48EA}.Debug|Any CPU.Build.0 = Debug|Any CPU
		{E27C3558-3A64-4D58-A435-0A95FD2A48EA}.Release|Any CPU.ActiveCfg = Release|Any CPU
		{E27C3558-3A64-4D58-A435-0A95FD2A48EA}.Release|Any CPU.Build.0 = Release|Any CPU
		{8A124EAC-7845-41DD-97FF-53E8E750CEC7}.Debug|Any CPU.ActiveCfg = Debug|Any CPU
		{8A124EAC-7845-41DD-97FF-53E8E750CEC7}.Debug|Any CPU.Build.0 = Debug|Any CPU
		{8A124EAC-7845-41DD-97FF-53E8E750CEC7}.Release|Any CPU.ActiveCfg = Release|Any CPU
		{8A124EAC-7845-41DD-97FF-53E8E750CEC7}.Release|Any CPU.Build.0 = Release|Any CPU
		{934C7CDA-7EC1-49F7-8F52-DB1AB3B0BEC8}.Debug|Any CPU.ActiveCfg = Debug|Any CPU
		{934C7CDA-7EC1-49F7-8F52-DB1AB3B0BEC8}.Debug|Any CPU.Build.0 = Debug|Any CPU
		{934C7CDA-7EC1-49F7-8F52-DB1AB3B0BEC8}.Release|Any CPU.ActiveCfg = Release|Any CPU
		{934C7CDA-7EC1-49F7-8F52-DB1AB3B0BEC8}.Release|Any CPU.Build.0 = Release|Any CPU
		{B4EAB827-43F9-422E-B64E-5D31D984C5F3}.Debug|Any CPU.ActiveCfg = Debug|Any CPU
		{B4EAB827-43F9-422E-B64E-5D31D984C5F3}.Debug|Any CPU.Build.0 = Debug|Any CPU
		{B4EAB827-43F9-422E-B64E-5D31D984C5F3}.Release|Any CPU.ActiveCfg = Release|Any CPU
		{B4EAB827-43F9-422E-B64E-5D31D984C5F3}.Release|Any CPU.Build.0 = Release|Any CPU
		{FE40EAEA-BE24-4142-943F-C05E9B90BC27}.Debug|Any CPU.ActiveCfg = Debug|Any CPU
		{FE40EAEA-BE24-4142-943F-C05E9B90BC27}.Debug|Any CPU.Build.0 = Debug|Any CPU
		{FE40EAEA-BE24-4142-943F-C05E9B90BC27}.Release|Any CPU.ActiveCfg = Release|Any CPU
		{FE40EAEA-BE24-4142-943F-C05E9B90BC27}.Release|Any CPU.Build.0 = Release|Any CPU
		{68137D1D-0516-4CF8-84E3-A226765ED991}.Debug|Any CPU.ActiveCfg = Debug|Any CPU
		{68137D1D-0516-4CF8-84E3-A226765ED991}.Debug|Any CPU.Build.0 = Debug|Any CPU
		{68137D1D-0516-4CF8-84E3-A226765ED991}.Release|Any CPU.ActiveCfg = Release|Any CPU
		{68137D1D-0516-4CF8-84E3-A226765ED991}.Release|Any CPU.Build.0 = Release|Any CPU
		{9238993F-E8C6-4DC3-A06E-02CB9FDE8FCA}.Debug|Any CPU.ActiveCfg = Debug|Any CPU
		{9238993F-E8C6-4DC3-A06E-02CB9FDE8FCA}.Debug|Any CPU.Build.0 = Debug|Any CPU
		{9238993F-E8C6-4DC3-A06E-02CB9FDE8FCA}.Release|Any CPU.ActiveCfg = Release|Any CPU
		{9238993F-E8C6-4DC3-A06E-02CB9FDE8FCA}.Release|Any CPU.Build.0 = Release|Any CPU
		{21770936-2A60-4D51-9143-710AA68E8316}.Debug|Any CPU.ActiveCfg = Debug|Any CPU
		{21770936-2A60-4D51-9143-710AA68E8316}.Debug|Any CPU.Build.0 = Debug|Any CPU
		{21770936-2A60-4D51-9143-710AA68E8316}.Release|Any CPU.ActiveCfg = Release|Any CPU
		{21770936-2A60-4D51-9143-710AA68E8316}.Release|Any CPU.Build.0 = Release|Any CPU
		{91651D35-9CB1-4A3C-93C5-E37ABA724599}.Debug|Any CPU.ActiveCfg = Debug|Any CPU
		{91651D35-9CB1-4A3C-93C5-E37ABA724599}.Debug|Any CPU.Build.0 = Debug|Any CPU
		{91651D35-9CB1-4A3C-93C5-E37ABA724599}.Release|Any CPU.ActiveCfg = Release|Any CPU
		{91651D35-9CB1-4A3C-93C5-E37ABA724599}.Release|Any CPU.Build.0 = Release|Any CPU
		{370A7456-C299-461C-8878-F271BC2C72F7}.Debug|Any CPU.ActiveCfg = Debug|Any CPU
		{370A7456-C299-461C-8878-F271BC2C72F7}.Debug|Any CPU.Build.0 = Debug|Any CPU
		{370A7456-C299-461C-8878-F271BC2C72F7}.Release|Any CPU.ActiveCfg = Release|Any CPU
		{370A7456-C299-461C-8878-F271BC2C72F7}.Release|Any CPU.Build.0 = Release|Any CPU
		{7E58D714-309A-4CE8-9C9F-B956C56EBFE0}.Debug|Any CPU.ActiveCfg = Debug|Any CPU
		{7E58D714-309A-4CE8-9C9F-B956C56EBFE0}.Debug|Any CPU.Build.0 = Debug|Any CPU
		{7E58D714-309A-4CE8-9C9F-B956C56EBFE0}.Release|Any CPU.ActiveCfg = Release|Any CPU
		{7E58D714-309A-4CE8-9C9F-B956C56EBFE0}.Release|Any CPU.Build.0 = Release|Any CPU
		{1E4763F2-FCF5-46BC-A5C9-203CB667B43B}.Debug|Any CPU.ActiveCfg = Debug|Any CPU
		{1E4763F2-FCF5-46BC-A5C9-203CB667B43B}.Debug|Any CPU.Build.0 = Debug|Any CPU
		{1E4763F2-FCF5-46BC-A5C9-203CB667B43B}.Release|Any CPU.ActiveCfg = Release|Any CPU
		{1E4763F2-FCF5-46BC-A5C9-203CB667B43B}.Release|Any CPU.Build.0 = Release|Any CPU
		{D1C71378-AAB5-4447-B742-DBD1346F01D3}.Debug|Any CPU.ActiveCfg = Debug|Any CPU
		{D1C71378-AAB5-4447-B742-DBD1346F01D3}.Debug|Any CPU.Build.0 = Debug|Any CPU
		{D1C71378-AAB5-4447-B742-DBD1346F01D3}.Release|Any CPU.ActiveCfg = Release|Any CPU
		{D1C71378-AAB5-4447-B742-DBD1346F01D3}.Release|Any CPU.Build.0 = Release|Any CPU
	EndGlobalSection
	GlobalSection(NestedProjects) = preSolution
		{BBE80C05-7167-452E-ADCD-EC94A3552C8E} = {07049626-1260-4F4F-B20C-C4D0037E6429}
		{8A124EAC-7845-41DD-97FF-53E8E750CEC7} = {07049626-1260-4F4F-B20C-C4D0037E6429}
		{01CEF5FB-AA64-4B9B-9461-C8425F951C13} = {07049626-1260-4F4F-B20C-C4D0037E6429}
		{57DAC247-4066-48A0-B828-ADD5C2F07076} = {07049626-1260-4F4F-B20C-C4D0037E6429}
		{2EE1C563-09F9-4F49-BBDE-5AABFCD3B6BC} = {07049626-1260-4F4F-B20C-C4D0037E6429}
		{D1B3511B-D31F-459D-B2F0-D95790A7D25C} = {CACA8C2F-5792-4DF7-B04C-0F3C9780F2D6}
		{8B41FC73-E260-4FAE-A49F-35CE684A22B1} = {CACA8C2F-5792-4DF7-B04C-0F3C9780F2D6}
		{64E30477-5A28-4624-B32D-065309953054} = {CACA8C2F-5792-4DF7-B04C-0F3C9780F2D6}
		{8D7B14CC-2B9E-4A98-BD8D-2CC1443C1044} = {CACA8C2F-5792-4DF7-B04C-0F3C9780F2D6}
		{93DD268F-B775-4D87-9375-91F6A9961DB3} = {CACA8C2F-5792-4DF7-B04C-0F3C9780F2D6}
		{483E150F-A27F-4AED-8579-59D8067A49E1} = {CACA8C2F-5792-4DF7-B04C-0F3C9780F2D6}
		{2DF1ADAA-8FDC-4F84-82F0-6D23B44E3092} = {AA57E05D-5EF5-4637-8F47-98B7A544A19C}
		{1C3726EC-B541-4D49-967B-B4DE701A0FD9} = {AA57E05D-5EF5-4637-8F47-98B7A544A19C}
		{E27C3558-3A64-4D58-A435-0A95FD2A48EA} = {AA57E05D-5EF5-4637-8F47-98B7A544A19C}
		{0669C1C4-59F0-4FB5-B243-17407056050D} = {AA57E05D-5EF5-4637-8F47-98B7A544A19C}
		{41435CA7-998F-45CA-8E3F-52A6A5EDE6D3} = {AA57E05D-5EF5-4637-8F47-98B7A544A19C}
		{ED254916-2DA9-49F4-BD8C-E2DF40709D7D} = {AA57E05D-5EF5-4637-8F47-98B7A544A19C}
		{934C7CDA-7EC1-49F7-8F52-DB1AB3B0BEC8} = {07049626-1260-4F4F-B20C-C4D0037E6429}
		{B4EAB827-43F9-422E-B64E-5D31D984C5F3} = {FCA21EEB-0830-4E5B-BB5D-1B55FA916843}
		{FE40EAEA-BE24-4142-943F-C05E9B90BC27} = {FCA21EEB-0830-4E5B-BB5D-1B55FA916843}
		{68137D1D-0516-4CF8-84E3-A226765ED991} = {FCA21EEB-0830-4E5B-BB5D-1B55FA916843}
		{9238993F-E8C6-4DC3-A06E-02CB9FDE8FCA} = {FCA21EEB-0830-4E5B-BB5D-1B55FA916843}
		{21770936-2A60-4D51-9143-710AA68E8316} = {FCA21EEB-0830-4E5B-BB5D-1B55FA916843}
		{91651D35-9CB1-4A3C-93C5-E37ABA724599} = {FCA21EEB-0830-4E5B-BB5D-1B55FA916843}
		{370A7456-C299-461C-8878-F271BC2C72F7} = {FCA21EEB-0830-4E5B-BB5D-1B55FA916843}
		{7E58D714-309A-4CE8-9C9F-B956C56EBFE0} = {FCA21EEB-0830-4E5B-BB5D-1B55FA916843}
		{1E4763F2-FCF5-46BC-A5C9-203CB667B43B} = {FCA21EEB-0830-4E5B-BB5D-1B55FA916843}
		{D1C71378-AAB5-4447-B742-DBD1346F01D3} = {FCA21EEB-0830-4E5B-BB5D-1B55FA916843}
	EndGlobalSection
EndGlobal
